
Microsoft Visual Studio Solution File, Format Version 12.00
# Visual Studio Version 16
VisualStudioVersion = 16.0.30309.148
MinimumVisualStudioVersion = 10.0.40219.1
Project("{9A19103F-16F7-4668-BE54-9A1E7A4F7556}") = "Junction_Simulator_CMD", "Junction_Simulator_CMD\Junction_Simulator_CMD.csproj", "{D11EC0C7-C9A3-4465-93CF-378C59E7163B}"
EndProject
Project("{FAE04EC0-301F-11D3-BF4B-00C04F79EFBC}") = "Junction_Simulator_CMD_ver2", "Junction_Simulator_CMD_ver2\Junction_Simulator_CMD_ver2.csproj", "{DC7097C5-25E4-4D5B-8864-A65EDE450E79}"
EndProject
Global
	GlobalSection(SolutionConfigurationPlatforms) = preSolution
		Debug|Any CPU = Debug|Any CPU
		Release|Any CPU = Release|Any CPU
	EndGlobalSection
	GlobalSection(ProjectConfigurationPlatforms) = postSolution
		{D11EC0C7-C9A3-4465-93CF-378C59E7163B}.Debug|Any CPU.ActiveCfg = Debug|Any CPU
		{D11EC0C7-C9A3-4465-93CF-378C59E7163B}.Debug|Any CPU.Build.0 = Debug|Any CPU
		{D11EC0C7-C9A3-4465-93CF-378C59E7163B}.Release|Any CPU.ActiveCfg = Release|Any CPU
		{D11EC0C7-C9A3-4465-93CF-378C59E7163B}.Release|Any CPU.Build.0 = Release|Any CPU
		{DC7097C5-25E4-4D5B-8864-A65EDE450E79}.Debug|Any CPU.ActiveCfg = Debug|Any CPU
		{DC7097C5-25E4-4D5B-8864-A65EDE450E79}.Debug|Any CPU.Build.0 = Debug|Any CPU
		{DC7097C5-25E4-4D5B-8864-A65EDE450E79}.Release|Any CPU.ActiveCfg = Release|Any CPU
		{DC7097C5-25E4-4D5B-8864-A65EDE450E79}.Release|Any CPU.Build.0 = Release|Any CPU
	EndGlobalSection
	GlobalSection(SolutionProperties) = preSolution
		HideSolutionNode = FALSE
	EndGlobalSection
	GlobalSection(ExtensibilityGlobals) = postSolution
		SolutionGuid = {E4728465-C028-4DB4-B6AB-9999FDE2E383}
	EndGlobalSection
EndGlobal
